
Microsoft Visual Studio Solution File, Format Version 12.00
# Visual Studio Version 17
VisualStudioVersion = 17.8.34330.188
MinimumVisualStudioVersion = 10.0.40219.1
Project("{FAE04EC0-301F-11D3-BF4B-00C04F79EFBC}") = "CSVToQuery", "CSVToQuery\CSVToQuery.csproj", "{0372155B-8DD6-44DA-A119-CF8462CEFBCD}"
EndProject
Global
	GlobalSection(SolutionConfigurationPlatforms) = preSolution
		Debug|Any CPU = Debug|Any CPU
		Release|Any CPU = Release|Any CPU
	EndGlobalSection
	GlobalSection(ProjectConfigurationPlatforms) = postSolution
		{0372155B-8DD6-44DA-A119-CF8462CEFBCD}.Debug|Any CPU.ActiveCfg = Debug|Any CPU
		{0372155B-8DD6-44DA-A119-CF8462CEFBCD}.Debug|Any CPU.Build.0 = Debug|Any CPU
		{0372155B-8DD6-44DA-A119-CF8462CEFBCD}.Release|Any CPU.ActiveCfg = Release|Any CPU
		{0372155B-8DD6-44DA-A119-CF8462CEFBCD}.Release|Any CPU.Build.0 = Release|Any CPU
	EndGlobalSection
	GlobalSection(SolutionProperties) = preSolution
		HideSolutionNode = FALSE
	EndGlobalSection
	GlobalSection(ExtensibilityGlobals) = postSolution
		SolutionGuid = {1FFA73C3-8B76-4875-B62E-337CFE2D65D9}
	EndGlobalSection
EndGlobal
